// !$*UTF8*$!
{
	archiveVersion = 1;
	classes = {
	};
	objectVersion = 46;
	objects = {

/* Begin PBXBuildFile section */
		1005261617009CE600BFAAA6 /* UIKit.framework in Frameworks */ = {isa = PBXBuildFile; fileRef = 1005261517009CE600BFAAA6 /* UIKit.framework */; };
		1005261817009CE600BFAAA6 /* Foundation.framework in Frameworks */ = {isa = PBXBuildFile; fileRef = 1005261717009CE600BFAAA6 /* Foundation.framework */; };
		1005261A17009CE600BFAAA6 /* CoreGraphics.framework in Frameworks */ = {isa = PBXBuildFile; fileRef = 1005261917009CE600BFAAA6 /* CoreGraphics.framework */; };
		1005262017009CE600BFAAA6 /* InfoPlist.strings in Resources */ = {isa = PBXBuildFile; fileRef = 1005261E17009CE600BFAAA6 /* InfoPlist.strings */; };
		1005262217009CE600BFAAA6 /* main.m in Sources */ = {isa = PBXBuildFile; fileRef = 1005262117009CE600BFAAA6 /* main.m */; };
		1005262617009CE600BFAAA6 /* AppDelegate.m in Sources */ = {isa = PBXBuildFile; fileRef = 1005262517009CE600BFAAA6 /* AppDelegate.m */; };
		1005262817009CE600BFAAA6 /* Default.png in Resources */ = {isa = PBXBuildFile; fileRef = 1005262717009CE600BFAAA6 /* Default.png */; };
		1005262A17009CE600BFAAA6 /* Default@2x.png in Resources */ = {isa = PBXBuildFile; fileRef = 1005262917009CE600BFAAA6 /* Default@2x.png */; };
		1005262C17009CE600BFAAA6 /* Default-568h@2x.png in Resources */ = {isa = PBXBuildFile; fileRef = 1005262B17009CE600BFAAA6 /* Default-568h@2x.png */; };
		1005263417009CE600BFAAA6 /* SenTestingKit.framework in Frameworks */ = {isa = PBXBuildFile; fileRef = 1005263317009CE600BFAAA6 /* SenTestingKit.framework */; };
		1005263517009CE600BFAAA6 /* UIKit.framework in Frameworks */ = {isa = PBXBuildFile; fileRef = 1005261517009CE600BFAAA6 /* UIKit.framework */; };
		1005263617009CE600BFAAA6 /* Foundation.framework in Frameworks */ = {isa = PBXBuildFile; fileRef = 1005261717009CE600BFAAA6 /* Foundation.framework */; };
		1005263E17009CE600BFAAA6 /* InfoPlist.strings in Resources */ = {isa = PBXBuildFile; fileRef = 1005263C17009CE600BFAAA6 /* InfoPlist.strings */; };
		1005264117009CE600BFAAA6 /* Particle_BoxTests.m in Sources */ = {isa = PBXBuildFile; fileRef = 1005264017009CE600BFAAA6 /* Particle_BoxTests.m */; };
		1005264C1700A0B700BFAAA6 /* RenderView.m in Sources */ = {isa = PBXBuildFile; fileRef = 1005264B1700A0B700BFAAA6 /* RenderView.m */; };
		1005264F1700A69000BFAAA6 /* Engine.m in Sources */ = {isa = PBXBuildFile; fileRef = 1005264E1700A69000BFAAA6 /* Engine.m */; };
		100526521701CC6000BFAAA6 /* Calculator.m in Sources */ = {isa = PBXBuildFile; fileRef = 100526511701CC5F00BFAAA6 /* Calculator.m */; };
		1012BA391706167C003019DC /* Whirl.m in Sources */ = {isa = PBXBuildFile; fileRef = 1012BA381706167C003019DC /* Whirl.m */; };
		1023E14B175B820100963586 /* Swirl.m in Sources */ = {isa = PBXBuildFile; fileRef = 1023E14A175B820100963586 /* Swirl.m */; };
		1023E14E175BC13500963586 /* Repulsion.m in Sources */ = {isa = PBXBuildFile; fileRef = 1023E14D175BC13500963586 /* Repulsion.m */; };
		10291D0717023CF100A9D2AB /* QuartzCore.framework in Frameworks */ = {isa = PBXBuildFile; fileRef = 10291D0617023CF100A9D2AB /* QuartzCore.framework */; };
		10291D0A1703344E00A9D2AB /* Particle.m in Sources */ = {isa = PBXBuildFile; fileRef = 10291D091703344E00A9D2AB /* Particle.m */; };
		10291D0E17033CEF00A9D2AB /* ForceNode.m in Sources */ = {isa = PBXBuildFile; fileRef = 10291D0D17033CEF00A9D2AB /* ForceNode.m */; };
		10291D111703711900A9D2AB /* Graviton.m in Sources */ = {isa = PBXBuildFile; fileRef = 10291D101703711900A9D2AB /* Graviton.m */; };
		10413D90175B3E8C00AE79A4 /* Spirals.m in Sources */ = {isa = PBXBuildFile; fileRef = 10413D8F175B3E8B00AE79A4 /* Spirals.m */; };
		108EA0B217589AAD001951B9 /* Suction.m in Sources */ = {isa = PBXBuildFile; fileRef = 108EA0B117589AAD001951B9 /* Suction.m */; };
		10991331174F7D540031EC8F /* Ribbon.m in Sources */ = {isa = PBXBuildFile; fileRef = 10991330174F7D540031EC8F /* Ribbon.m */; };
		10C8AF4C17021EC700848AB8 /* Timer.m in Sources */ = {isa = PBXBuildFile; fileRef = 10C8AF4B17021EC700848AB8 /* Timer.m */; };
		10CFCEF217567F1400899CED /* BackShot.m in Sources */ = {isa = PBXBuildFile; fileRef = 10CFCEF117567F1400899CED /* BackShot.m */; };
		10DA945D17215BF400A7EBA3 /* Rose.m in Sources */ = {isa = PBXBuildFile; fileRef = 10DA945C17215BF400A7EBA3 /* Rose.m */; };
/* End PBXBuildFile section */

/* Begin PBXContainerItemProxy section */
		1005263717009CE600BFAAA6 /* PBXContainerItemProxy */ = {
			isa = PBXContainerItemProxy;
			containerPortal = 1005260A17009CE600BFAAA6 /* Project object */;
			proxyType = 1;
			remoteGlobalIDString = 1005261117009CE600BFAAA6;
			remoteInfo = "Particle Box";
		};
/* End PBXContainerItemProxy section */

/* Begin PBXFileReference section */
		1005261217009CE600BFAAA6 /* Particle Box.app */ = {isa = PBXFileReference; explicitFileType = wrapper.application; includeInIndex = 0; path = "Particle Box.app"; sourceTree = BUILT_PRODUCTS_DIR; };
		1005261517009CE600BFAAA6 /* UIKit.framework */ = {isa = PBXFileReference; lastKnownFileType = wrapper.framework; name = UIKit.framework; path = System/Library/Frameworks/UIKit.framework; sourceTree = SDKROOT; };
		1005261717009CE600BFAAA6 /* Foundation.framework */ = {isa = PBXFileReference; lastKnownFileType = wrapper.framework; name = Foundation.framework; path = System/Library/Frameworks/Foundation.framework; sourceTree = SDKROOT; };
		1005261917009CE600BFAAA6 /* CoreGraphics.framework */ = {isa = PBXFileReference; lastKnownFileType = wrapper.framework; name = CoreGraphics.framework; path = System/Library/Frameworks/CoreGraphics.framework; sourceTree = SDKROOT; };
		1005261D17009CE600BFAAA6 /* Particle Box-Info.plist */ = {isa = PBXFileReference; lastKnownFileType = text.plist.xml; path = "Particle Box-Info.plist"; sourceTree = "<group>"; };
		1005261F17009CE600BFAAA6 /* en */ = {isa = PBXFileReference; lastKnownFileType = text.plist.strings; name = en; path = en.lproj/InfoPlist.strings; sourceTree = "<group>"; };
		1005262117009CE600BFAAA6 /* main.m */ = {isa = PBXFileReference; lastKnownFileType = sourcecode.c.objc; path = main.m; sourceTree = "<group>"; };
		1005262317009CE600BFAAA6 /* Particle Box-Prefix.pch */ = {isa = PBXFileReference; lastKnownFileType = sourcecode.c.h; path = "Particle Box-Prefix.pch"; sourceTree = "<group>"; };
		1005262417009CE600BFAAA6 /* AppDelegate.h */ = {isa = PBXFileReference; lastKnownFileType = sourcecode.c.h; path = AppDelegate.h; sourceTree = "<group>"; };
		1005262517009CE600BFAAA6 /* AppDelegate.m */ = {isa = PBXFileReference; lastKnownFileType = sourcecode.c.objc; path = AppDelegate.m; sourceTree = "<group>"; };
		1005262717009CE600BFAAA6 /* Default.png */ = {isa = PBXFileReference; lastKnownFileType = image.png; path = Default.png; sourceTree = "<group>"; };
		1005262917009CE600BFAAA6 /* Default@2x.png */ = {isa = PBXFileReference; lastKnownFileType = image.png; path = "Default@2x.png"; sourceTree = "<group>"; };
		1005262B17009CE600BFAAA6 /* Default-568h@2x.png */ = {isa = PBXFileReference; lastKnownFileType = image.png; path = "Default-568h@2x.png"; sourceTree = "<group>"; };
		1005263217009CE600BFAAA6 /* Particle BoxTests.octest */ = {isa = PBXFileReference; explicitFileType = wrapper.cfbundle; includeInIndex = 0; path = "Particle BoxTests.octest"; sourceTree = BUILT_PRODUCTS_DIR; };
		1005263317009CE600BFAAA6 /* SenTestingKit.framework */ = {isa = PBXFileReference; lastKnownFileType = wrapper.framework; name = SenTestingKit.framework; path = Library/Frameworks/SenTestingKit.framework; sourceTree = DEVELOPER_DIR; };
		1005263B17009CE600BFAAA6 /* Particle BoxTests-Info.plist */ = {isa = PBXFileReference; lastKnownFileType = text.plist.xml; path = "Particle BoxTests-Info.plist"; sourceTree = "<group>"; };
		1005263D17009CE600BFAAA6 /* en */ = {isa = PBXFileReference; lastKnownFileType = text.plist.strings; name = en; path = en.lproj/InfoPlist.strings; sourceTree = "<group>"; };
		1005263F17009CE600BFAAA6 /* Particle_BoxTests.h */ = {isa = PBXFileReference; lastKnownFileType = sourcecode.c.h; path = Particle_BoxTests.h; sourceTree = "<group>"; };
		1005264017009CE600BFAAA6 /* Particle_BoxTests.m */ = {isa = PBXFileReference; lastKnownFileType = sourcecode.c.objc; path = Particle_BoxTests.m; sourceTree = "<group>"; };
		1005264A1700A0B700BFAAA6 /* RenderView.h */ = {isa = PBXFileReference; fileEncoding = 4; lastKnownFileType = sourcecode.c.h; path = RenderView.h; sourceTree = "<group>"; };
		1005264B1700A0B700BFAAA6 /* RenderView.m */ = {isa = PBXFileReference; fileEncoding = 4; lastKnownFileType = sourcecode.c.objc; path = RenderView.m; sourceTree = "<group>"; };
		1005264D1700A69000BFAAA6 /* Engine.h */ = {isa = PBXFileReference; fileEncoding = 4; lastKnownFileType = sourcecode.c.h; path = Engine.h; sourceTree = "<group>"; };
		1005264E1700A69000BFAAA6 /* Engine.m */ = {isa = PBXFileReference; fileEncoding = 4; lastKnownFileType = sourcecode.c.objc; path = Engine.m; sourceTree = "<group>"; };
		100526501701CC5F00BFAAA6 /* Calculator.h */ = {isa = PBXFileReference; fileEncoding = 4; lastKnownFileType = sourcecode.c.h; path = Calculator.h; sourceTree = "<group>"; };
		100526511701CC5F00BFAAA6 /* Calculator.m */ = {isa = PBXFileReference; fileEncoding = 4; lastKnownFileType = sourcecode.c.objc; path = Calculator.m; sourceTree = "<group>"; };
		1012BA371706167C003019DC /* Whirl.h */ = {isa = PBXFileReference; fileEncoding = 4; lastKnownFileType = sourcecode.c.h; path = Whirl.h; sourceTree = "<group>"; };
		1012BA381706167C003019DC /* Whirl.m */ = {isa = PBXFileReference; fileEncoding = 4; lastKnownFileType = sourcecode.c.objc; path = Whirl.m; sourceTree = "<group>"; };
		1023E149175B820000963586 /* Swirl.h */ = {isa = PBXFileReference; fileEncoding = 4; lastKnownFileType = sourcecode.c.h; path = Swirl.h; sourceTree = "<group>"; };
		1023E14A175B820100963586 /* Swirl.m */ = {isa = PBXFileReference; fileEncoding = 4; lastKnownFileType = sourcecode.c.objc; path = Swirl.m; sourceTree = "<group>"; };
		1023E14C175BC13500963586 /* Repulsion.h */ = {isa = PBXFileReference; fileEncoding = 4; lastKnownFileType = sourcecode.c.h; path = Repulsion.h; sourceTree = "<group>"; };
		1023E14D175BC13500963586 /* Repulsion.m */ = {isa = PBXFileReference; fileEncoding = 4; lastKnownFileType = sourcecode.c.objc; path = Repulsion.m; sourceTree = "<group>"; };
		10291D0617023CF100A9D2AB /* QuartzCore.framework */ = {isa = PBXFileReference; lastKnownFileType = wrapper.framework; name = QuartzCore.framework; path = System/Library/Frameworks/QuartzCore.framework; sourceTree = SDKROOT; };
		10291D081703344E00A9D2AB /* Particle.h */ = {isa = PBXFileReference; fileEncoding = 4; lastKnownFileType = sourcecode.c.h; path = Particle.h; sourceTree = "<group>"; };
		10291D091703344E00A9D2AB /* Particle.m */ = {isa = PBXFileReference; fileEncoding = 4; lastKnownFileType = sourcecode.c.objc; path = Particle.m; sourceTree = "<group>"; };
		10291D0B1703396800A9D2AB /* Repository.h */ = {isa = PBXFileReference; lastKnownFileType = sourcecode.c.h; path = Repository.h; sourceTree = "<group>"; };
		10291D0C17033CEF00A9D2AB /* ForceNode.h */ = {isa = PBXFileReference; fileEncoding = 4; lastKnownFileType = sourcecode.c.h; path = ForceNode.h; sourceTree = "<group>"; };
		10291D0D17033CEF00A9D2AB /* ForceNode.m */ = {isa = PBXFileReference; fileEncoding = 4; lastKnownFileType = sourcecode.c.objc; path = ForceNode.m; sourceTree = "<group>"; };
		10291D0F1703711800A9D2AB /* Graviton.h */ = {isa = PBXFileReference; fileEncoding = 4; lastKnownFileType = sourcecode.c.h; path = Graviton.h; sourceTree = "<group>"; };
		10291D101703711900A9D2AB /* Graviton.m */ = {isa = PBXFileReference; fileEncoding = 4; lastKnownFileType = sourcecode.c.objc; path = Graviton.m; sourceTree = "<group>"; };
		10413D8E175B3E8B00AE79A4 /* Spirals.h */ = {isa = PBXFileReference; fileEncoding = 4; lastKnownFileType = sourcecode.c.h; path = Spirals.h; sourceTree = "<group>"; };
		10413D8F175B3E8B00AE79A4 /* Spirals.m */ = {isa = PBXFileReference; fileEncoding = 4; lastKnownFileType = sourcecode.c.objc; path = Spirals.m; sourceTree = "<group>"; };
		108EA0B017589AAD001951B9 /* Suction.h */ = {isa = PBXFileReference; fileEncoding = 4; lastKnownFileType = sourcecode.c.h; path = Suction.h; sourceTree = "<group>"; };
		108EA0B117589AAD001951B9 /* Suction.m */ = {isa = PBXFileReference; fileEncoding = 4; lastKnownFileType = sourcecode.c.objc; path = Suction.m; sourceTree = "<group>"; };
		1099132F174F7D540031EC8F /* Ribbon.h */ = {isa = PBXFileReference; fileEncoding = 4; lastKnownFileType = sourcecode.c.h; path = Ribbon.h; sourceTree = "<group>"; };
		10991330174F7D540031EC8F /* Ribbon.m */ = {isa = PBXFileReference; fileEncoding = 4; lastKnownFileType = sourcecode.c.objc; path = Ribbon.m; sourceTree = "<group>"; };
		10C8AF4A17021EC700848AB8 /* Timer.h */ = {isa = PBXFileReference; fileEncoding = 4; lastKnownFileType = sourcecode.c.h; path = Timer.h; sourceTree = "<group>"; };
		10C8AF4B17021EC700848AB8 /* Timer.m */ = {isa = PBXFileReference; fileEncoding = 4; lastKnownFileType = sourcecode.c.objc; path = Timer.m; sourceTree = "<group>"; };
		10CFCEF017567F1300899CED /* BackShot.h */ = {isa = PBXFileReference; fileEncoding = 4; lastKnownFileType = sourcecode.c.h; path = BackShot.h; sourceTree = "<group>"; };
		10CFCEF117567F1400899CED /* BackShot.m */ = {isa = PBXFileReference; fileEncoding = 4; lastKnownFileType = sourcecode.c.objc; path = BackShot.m; sourceTree = "<group>"; };
		10DA945B17215BF400A7EBA3 /* Rose.h */ = {isa = PBXFileReference; fileEncoding = 4; lastKnownFileType = sourcecode.c.h; path = Rose.h; sourceTree = "<group>"; };
		10DA945C17215BF400A7EBA3 /* Rose.m */ = {isa = PBXFileReference; fileEncoding = 4; lastKnownFileType = sourcecode.c.objc; path = Rose.m; sourceTree = "<group>"; };
/* End PBXFileReference section */

/* Begin PBXFrameworksBuildPhase section */
		1005260F17009CE600BFAAA6 /* Frameworks */ = {
			isa = PBXFrameworksBuildPhase;
			buildActionMask = 2147483647;
			files = (
				10291D0717023CF100A9D2AB /* QuartzCore.framework in Frameworks */,
				1005261617009CE600BFAAA6 /* UIKit.framework in Frameworks */,
				1005261817009CE600BFAAA6 /* Foundation.framework in Frameworks */,
				1005261A17009CE600BFAAA6 /* CoreGraphics.framework in Frameworks */,
			);
			runOnlyForDeploymentPostprocessing = 0;
		};
		1005262E17009CE600BFAAA6 /* Frameworks */ = {
			isa = PBXFrameworksBuildPhase;
			buildActionMask = 2147483647;
			files = (
				1005263417009CE600BFAAA6 /* SenTestingKit.framework in Frameworks */,
				1005263517009CE600BFAAA6 /* UIKit.framework in Frameworks */,
				1005263617009CE600BFAAA6 /* Foundation.framework in Frameworks */,
			);
			runOnlyForDeploymentPostprocessing = 0;
		};
/* End PBXFrameworksBuildPhase section */

/* Begin PBXGroup section */
		1005260917009CE600BFAAA6 = {
			isa = PBXGroup;
			children = (
				1005261B17009CE600BFAAA6 /* Particle Box */,
				1005263917009CE600BFAAA6 /* Particle BoxTests */,
				1005261417009CE600BFAAA6 /* Frameworks */,
				1005261317009CE600BFAAA6 /* Products */,
			);
			sourceTree = "<group>";
		};
		1005261317009CE600BFAAA6 /* Products */ = {
			isa = PBXGroup;
			children = (
				1005261217009CE600BFAAA6 /* Particle Box.app */,
				1005263217009CE600BFAAA6 /* Particle BoxTests.octest */,
			);
			name = Products;
			sourceTree = "<group>";
		};
		1005261417009CE600BFAAA6 /* Frameworks */ = {
			isa = PBXGroup;
			children = (
				10291D0617023CF100A9D2AB /* QuartzCore.framework */,
				1005261517009CE600BFAAA6 /* UIKit.framework */,
				1005261717009CE600BFAAA6 /* Foundation.framework */,
				1005261917009CE600BFAAA6 /* CoreGraphics.framework */,
				1005263317009CE600BFAAA6 /* SenTestingKit.framework */,
			);
			name = Frameworks;
			sourceTree = "<group>";
		};
		1005261B17009CE600BFAAA6 /* Particle Box */ = {
			isa = PBXGroup;
			children = (
				1005262417009CE600BFAAA6 /* AppDelegate.h */,
				1005262517009CE600BFAAA6 /* AppDelegate.m */,
				1005264D1700A69000BFAAA6 /* Engine.h */,
				1005264E1700A69000BFAAA6 /* Engine.m */,
				10C8AF4A17021EC700848AB8 /* Timer.h */,
				10C8AF4B17021EC700848AB8 /* Timer.m */,
				1005264A1700A0B700BFAAA6 /* RenderView.h */,
				1005264B1700A0B700BFAAA6 /* RenderView.m */,
				100526501701CC5F00BFAAA6 /* Calculator.h */,
				100526511701CC5F00BFAAA6 /* Calculator.m */,
				10291D081703344E00A9D2AB /* Particle.h */,
				10291D091703344E00A9D2AB /* Particle.m */,
				10291D0C17033CEF00A9D2AB /* ForceNode.h */,
				10291D0D17033CEF00A9D2AB /* ForceNode.m */,
				10CFCEF017567F1300899CED /* BackShot.h */,
				10CFCEF117567F1400899CED /* BackShot.m */,
				10291D0F1703711800A9D2AB /* Graviton.h */,
				10291D101703711900A9D2AB /* Graviton.m */,
				1099132F174F7D540031EC8F /* Ribbon.h */,
				10991330174F7D540031EC8F /* Ribbon.m */,
				1012BA371706167C003019DC /* Whirl.h */,
				1012BA381706167C003019DC /* Whirl.m */,
				10DA945B17215BF400A7EBA3 /* Rose.h */,
				10DA945C17215BF400A7EBA3 /* Rose.m */,
				108EA0B017589AAD001951B9 /* Suction.h */,
				108EA0B117589AAD001951B9 /* Suction.m */,
				10413D8E175B3E8B00AE79A4 /* Spirals.h */,
				10413D8F175B3E8B00AE79A4 /* Spirals.m */,
				1023E149175B820000963586 /* Swirl.h */,
				1023E14A175B820100963586 /* Swirl.m */,
				1023E14C175BC13500963586 /* Repulsion.h */,
				1023E14D175BC13500963586 /* Repulsion.m */,
				10291D0B1703396800A9D2AB /* Repository.h */,
				1005261C17009CE600BFAAA6 /* Supporting Files */,
			);
			path = "Particle Box";
			sourceTree = "<group>";
		};
		1005261C17009CE600BFAAA6 /* Supporting Files */ = {
			isa = PBXGroup;
			children = (
				1005261D17009CE600BFAAA6 /* Particle Box-Info.plist */,
				1005261E17009CE600BFAAA6 /* InfoPlist.strings */,
				1005262117009CE600BFAAA6 /* main.m */,
				1005262317009CE600BFAAA6 /* Particle Box-Prefix.pch */,
				1005262717009CE600BFAAA6 /* Default.png */,
				1005262917009CE600BFAAA6 /* Default@2x.png */,
				1005262B17009CE600BFAAA6 /* Default-568h@2x.png */,
			);
			name = "Supporting Files";
			sourceTree = "<group>";
		};
		1005263917009CE600BFAAA6 /* Particle BoxTests */ = {
			isa = PBXGroup;
			children = (
				1005263F17009CE600BFAAA6 /* Particle_BoxTests.h */,
				1005264017009CE600BFAAA6 /* Particle_BoxTests.m */,
				1005263A17009CE600BFAAA6 /* Supporting Files */,
			);
			path = "Particle BoxTests";
			sourceTree = "<group>";
		};
		1005263A17009CE600BFAAA6 /* Supporting Files */ = {
			isa = PBXGroup;
			children = (
				1005263B17009CE600BFAAA6 /* Particle BoxTests-Info.plist */,
				1005263C17009CE600BFAAA6 /* InfoPlist.strings */,
			);
			name = "Supporting Files";
			sourceTree = "<group>";
		};
/* End PBXGroup section */

/* Begin PBXNativeTarget section */
		1005261117009CE600BFAAA6 /* Particle Box */ = {
			isa = PBXNativeTarget;
			buildConfigurationList = 1005264417009CE600BFAAA6 /* Build configuration list for PBXNativeTarget "Particle Box" */;
			buildPhases = (
				1005260E17009CE600BFAAA6 /* Sources */,
				1005260F17009CE600BFAAA6 /* Frameworks */,
				1005261017009CE600BFAAA6 /* Resources */,
			);
			buildRules = (
			);
			dependencies = (
			);
			name = "Particle Box";
			productName = "Particle Box";
			productReference = 1005261217009CE600BFAAA6 /* Particle Box.app */;
			productType = "com.apple.product-type.application";
		};
		1005263117009CE600BFAAA6 /* Particle BoxTests */ = {
			isa = PBXNativeTarget;
			buildConfigurationList = 1005264717009CE600BFAAA6 /* Build configuration list for PBXNativeTarget "Particle BoxTests" */;
			buildPhases = (
				1005262D17009CE600BFAAA6 /* Sources */,
				1005262E17009CE600BFAAA6 /* Frameworks */,
				1005262F17009CE600BFAAA6 /* Resources */,
				1005263017009CE600BFAAA6 /* ShellScript */,
			);
			buildRules = (
			);
			dependencies = (
				1005263817009CE600BFAAA6 /* PBXTargetDependency */,
			);
			name = "Particle BoxTests";
			productName = "Particle BoxTests";
			productReference = 1005263217009CE600BFAAA6 /* Particle BoxTests.octest */;
			productType = "com.apple.product-type.bundle";
		};
/* End PBXNativeTarget section */

/* Begin PBXProject section */
		1005260A17009CE600BFAAA6 /* Project object */ = {
			isa = PBXProject;
			attributes = {
				LastUpgradeCheck = 0460;
				ORGANIZATIONNAME = "Jonah Hooper";
			};
			buildConfigurationList = 1005260D17009CE600BFAAA6 /* Build configuration list for PBXProject "Particle Box" */;
			compatibilityVersion = "Xcode 3.2";
			developmentRegion = English;
			hasScannedForEncodings = 0;
			knownRegions = (
				en,
			);
			mainGroup = 1005260917009CE600BFAAA6;
			productRefGroup = 1005261317009CE600BFAAA6 /* Products */;
			projectDirPath = "";
			projectRoot = "";
			targets = (
				1005261117009CE600BFAAA6 /* Particle Box */,
				1005263117009CE600BFAAA6 /* Particle BoxTests */,
			);
		};
/* End PBXProject section */

/* Begin PBXResourcesBuildPhase section */
		1005261017009CE600BFAAA6 /* Resources */ = {
			isa = PBXResourcesBuildPhase;
			buildActionMask = 2147483647;
			files = (
				1005262017009CE600BFAAA6 /* InfoPlist.strings in Resources */,
				1005262817009CE600BFAAA6 /* Default.png in Resources */,
				1005262A17009CE600BFAAA6 /* Default@2x.png in Resources */,
				1005262C17009CE600BFAAA6 /* Default-568h@2x.png in Resources */,
			);
			runOnlyForDeploymentPostprocessing = 0;
		};
		1005262F17009CE600BFAAA6 /* Resources */ = {
			isa = PBXResourcesBuildPhase;
			buildActionMask = 2147483647;
			files = (
				1005263E17009CE600BFAAA6 /* InfoPlist.strings in Resources */,
			);
			runOnlyForDeploymentPostprocessing = 0;
		};
/* End PBXResourcesBuildPhase section */

/* Begin PBXShellScriptBuildPhase section */
		1005263017009CE600BFAAA6 /* ShellScript */ = {
			isa = PBXShellScriptBuildPhase;
			buildActionMask = 2147483647;
			files = (
			);
			inputPaths = (
			);
			outputPaths = (
			);
			runOnlyForDeploymentPostprocessing = 0;
			shellPath = /bin/sh;
			shellScript = "# Run the unit tests in this test bundle.\n\"${SYSTEM_DEVELOPER_DIR}/Tools/RunUnitTests\"\n";
		};
/* End PBXShellScriptBuildPhase section */

/* Begin PBXSourcesBuildPhase section */
		1005260E17009CE600BFAAA6 /* Sources */ = {
			isa = PBXSourcesBuildPhase;
			buildActionMask = 2147483647;
			files = (
				1005262217009CE600BFAAA6 /* main.m in Sources */,
				1005262617009CE600BFAAA6 /* AppDelegate.m in Sources */,
				1005264C1700A0B700BFAAA6 /* RenderView.m in Sources */,
				1005264F1700A69000BFAAA6 /* Engine.m in Sources */,
				100526521701CC6000BFAAA6 /* Calculator.m in Sources */,
				10C8AF4C17021EC700848AB8 /* Timer.m in Sources */,
				10291D0A1703344E00A9D2AB /* Particle.m in Sources */,
				10291D0E17033CEF00A9D2AB /* ForceNode.m in Sources */,
				10291D111703711900A9D2AB /* Graviton.m in Sources */,
				1012BA391706167C003019DC /* Whirl.m in Sources */,
				10DA945D17215BF400A7EBA3 /* Rose.m in Sources */,
				10991331174F7D540031EC8F /* Ribbon.m in Sources */,
				10CFCEF217567F1400899CED /* BackShot.m in Sources */,
				108EA0B217589AAD001951B9 /* Suction.m in Sources */,
				10413D90175B3E8C00AE79A4 /* Spirals.m in Sources */,
				1023E14B175B820100963586 /* Swirl.m in Sources */,
				1023E14E175BC13500963586 /* Repulsion.m in Sources */,
			);
			runOnlyForDeploymentPostprocessing = 0;
		};
		1005262D17009CE600BFAAA6 /* Sources */ = {
			isa = PBXSourcesBuildPhase;
			buildActionMask = 2147483647;
			files = (
				1005264117009CE600BFAAA6 /* Particle_BoxTests.m in Sources */,
			);
			runOnlyForDeploymentPostprocessing = 0;
		};
/* End PBXSourcesBuildPhase section */

/* Begin PBXTargetDependency section */
		1005263817009CE600BFAAA6 /* PBXTargetDependency */ = {
			isa = PBXTargetDependency;
			target = 1005261117009CE600BFAAA6 /* Particle Box */;
			targetProxy = 1005263717009CE600BFAAA6 /* PBXContainerItemProxy */;
		};
/* End PBXTargetDependency section */

/* Begin PBXVariantGroup section */
		1005261E17009CE600BFAAA6 /* InfoPlist.strings */ = {
			isa = PBXVariantGroup;
			children = (
				1005261F17009CE600BFAAA6 /* en */,
			);
			name = InfoPlist.strings;
			sourceTree = "<group>";
		};
		1005263C17009CE600BFAAA6 /* InfoPlist.strings */ = {
			isa = PBXVariantGroup;
			children = (
				1005263D17009CE600BFAAA6 /* en */,
			);
			name = InfoPlist.strings;
			sourceTree = "<group>";
		};
/* End PBXVariantGroup section */

/* Begin XCBuildConfiguration section */
		1005264217009CE600BFAAA6 /* Debug */ = {
			isa = XCBuildConfiguration;
			buildSettings = {
				ALWAYS_SEARCH_USER_PATHS = NO;
				CLANG_CXX_LANGUAGE_STANDARD = "gnu++0x";
				CLANG_CXX_LIBRARY = "libc++";
				CLANG_ENABLE_OBJC_ARC = YES;
				CLANG_WARN_CONSTANT_CONVERSION = YES;
				CLANG_WARN_EMPTY_BODY = YES;
				CLANG_WARN_ENUM_CONVERSION = YES;
				CLANG_WARN_INT_CONVERSION = YES;
				CLANG_WARN__DUPLICATE_METHOD_MATCH = YES;
				"CODE_SIGN_IDENTITY[sdk=iphoneos*]" = "iPhone Developer";
				COPY_PHASE_STRIP = NO;
				GCC_C_LANGUAGE_STANDARD = gnu99;
				GCC_DYNAMIC_NO_PIC = NO;
				GCC_OPTIMIZATION_LEVEL = 0;
				GCC_PREPROCESSOR_DEFINITIONS = (
					"DEBUG=1",
					"$(inherited)",
				);
				GCC_SYMBOLS_PRIVATE_EXTERN = NO;
				GCC_WARN_ABOUT_RETURN_TYPE = YES;
				GCC_WARN_UNINITIALIZED_AUTOS = YES;
				GCC_WARN_UNUSED_VARIABLE = YES;
				IPHONEOS_DEPLOYMENT_TARGET = 6.1;
				ONLY_ACTIVE_ARCH = YES;
				SDKROOT = iphoneos;
			};
			name = Debug;
		};
		1005264317009CE600BFAAA6 /* Release */ = {
			isa = XCBuildConfiguration;
			buildSettings = {
				ALWAYS_SEARCH_USER_PATHS = NO;
				CLANG_CXX_LANGUAGE_STANDARD = "gnu++0x";
				CLANG_CXX_LIBRARY = "libc++";
				CLANG_ENABLE_OBJC_ARC = YES;
				CLANG_WARN_CONSTANT_CONVERSION = YES;
				CLANG_WARN_EMPTY_BODY = YES;
				CLANG_WARN_ENUM_CONVERSION = YES;
				CLANG_WARN_INT_CONVERSION = YES;
				CLANG_WARN__DUPLICATE_METHOD_MATCH = YES;
				"CODE_SIGN_IDENTITY[sdk=iphoneos*]" = "iPhone Developer";
				COPY_PHASE_STRIP = YES;
				GCC_C_LANGUAGE_STANDARD = gnu99;
				GCC_WARN_ABOUT_RETURN_TYPE = YES;
				GCC_WARN_UNINITIALIZED_AUTOS = YES;
				GCC_WARN_UNUSED_VARIABLE = YES;
				IPHONEOS_DEPLOYMENT_TARGET = 6.1;
				OTHER_CFLAGS = "-DNS_BLOCK_ASSERTIONS=1";
				SDKROOT = iphoneos;
				VALIDATE_PRODUCT = YES;
			};
			name = Release;
		};
		1005264517009CE600BFAAA6 /* Debug */ = {
			isa = XCBuildConfiguration;
			buildSettings = {
				GCC_PRECOMPILE_PREFIX_HEADER = YES;
				GCC_PREFIX_HEADER = "Particle Box/Particle Box-Prefix.pch";
				INFOPLIST_FILE = "Particle Box/Particle Box-Info.plist";
				IPHONEOS_DEPLOYMENT_TARGET = 5.1;
				PRODUCT_NAME = "$(TARGET_NAME)";
				TARGETED_DEVICE_FAMILY = "1,2";
				WRAPPER_EXTENSION = app;
			};
			name = Debug;
		};
		1005264617009CE600BFAAA6 /* Release */ = {
			isa = XCBuildConfiguration;
			buildSettings = {
				GCC_PRECOMPILE_PREFIX_HEADER = YES;
				GCC_PREFIX_HEADER = "Particle Box/Particle Box-Prefix.pch";
				INFOPLIST_FILE = "Particle Box/Particle Box-Info.plist";
				IPHONEOS_DEPLOYMENT_TARGET = 5.1;
				PRODUCT_NAME = "$(TARGET_NAME)";
				TARGETED_DEVICE_FAMILY = "1,2";
				WRAPPER_EXTENSION = app;
			};
			name = Release;
		};
		1005264817009CE600BFAAA6 /* Debug */ = {
			isa = XCBuildConfiguration;
			buildSettings = {
				BUNDLE_LOADER = "$(BUILT_PRODUCTS_DIR)/Particle Box.app/Particle Box";
				FRAMEWORK_SEARCH_PATHS = (
					"\"$(SDKROOT)/Developer/Library/Frameworks\"",
					"\"$(DEVELOPER_LIBRARY_DIR)/Frameworks\"",
				);
				GCC_PRECOMPILE_PREFIX_HEADER = YES;
				GCC_PREFIX_HEADER = "Particle Box/Particle Box-Prefix.pch";
				INFOPLIST_FILE = "Particle BoxTests/Particle BoxTests-Info.plist";
				PRODUCT_NAME = "$(TARGET_NAME)";
				TEST_HOST = "$(BUNDLE_LOADER)";
				WRAPPER_EXTENSION = octest;
			};
			name = Debug;
		};
		1005264917009CE600BFAAA6 /* Release */ = {
			isa = XCBuildConfiguration;
			buildSettings = {
				BUNDLE_LOADER = "$(BUILT_PRODUCTS_DIR)/Particle Box.app/Particle Box";
				FRAMEWORK_SEARCH_PATHS = (
					"\"$(SDKROOT)/Developer/Library/Frameworks\"",
					"\"$(DEVELOPER_LIBRARY_DIR)/Frameworks\"",
				);
				GCC_PRECOMPILE_PREFIX_HEADER = YES;
				GCC_PREFIX_HEADER = "Particle Box/Particle Box-Prefix.pch";
				INFOPLIST_FILE = "Particle BoxTests/Particle BoxTests-Info.plist";
				PRODUCT_NAME = "$(TARGET_NAME)";
				TEST_HOST = "$(BUNDLE_LOADER)";
				WRAPPER_EXTENSION = octest;
			};
			name = Release;
		};
/* End XCBuildConfiguration section */

/* Begin XCConfigurationList section */
		1005260D17009CE600BFAAA6 /* Build configuration list for PBXProject "Particle Box" */ = {
			isa = XCConfigurationList;
			buildConfigurations = (
				1005264217009CE600BFAAA6 /* Debug */,
				1005264317009CE600BFAAA6 /* Release */,
			);
			defaultConfigurationIsVisible = 0;
			defaultConfigurationName = Release;
		};
		1005264417009CE600BFAAA6 /* Build configuration list for PBXNativeTarget "Particle Box" */ = {
			isa = XCConfigurationList;
			buildConfigurations = (
				1005264517009CE600BFAAA6 /* Debug */,
				1005264617009CE600BFAAA6 /* Release */,
			);
			defaultConfigurationIsVisible = 0;
			defaultConfigurationName = Release;
		};
		1005264717009CE600BFAAA6 /* Build configuration list for PBXNativeTarget "Particle BoxTests" */ = {
			isa = XCConfigurationList;
			buildConfigurations = (
				1005264817009CE600BFAAA6 /* Debug */,
				1005264917009CE600BFAAA6 /* Release */,
			);
			defaultConfigurationIsVisible = 0;
			defaultConfigurationName = Release;
		};
/* End XCConfigurationList section */
	};
	rootObject = 1005260A17009CE600BFAAA6 /* Project object */;
}
